// !$*UTF8*$!
{
	archiveVersion = 1;
	classes = {
	};
	objectVersion = 46;
	objects = {

/* Begin PBXBuildFile section */
		333213A21A40BB280089FD0E /* WhiskeyViewController.m in Sources */ = {isa = PBXBuildFile; fileRef = 333213A11A40BB280089FD0E /* WhiskeyViewController.m */; };
		33BC9B8A1A2E4D9E006034B0 /* main.m in Sources */ = {isa = PBXBuildFile; fileRef = 33BC9B891A2E4D9E006034B0 /* main.m */; };
		33BC9B8D1A2E4D9E006034B0 /* AppDelegate.m in Sources */ = {isa = PBXBuildFile; fileRef = 33BC9B8C1A2E4D9E006034B0 /* AppDelegate.m */; };
		33BC9B901A2E4D9E006034B0 /* ViewController.m in Sources */ = {isa = PBXBuildFile; fileRef = 33BC9B8F1A2E4D9E006034B0 /* ViewController.m */; };
		33BC9B951A2E4D9E006034B0 /* Images.xcassets in Resources */ = {isa = PBXBuildFile; fileRef = 33BC9B941A2E4D9E006034B0 /* Images.xcassets */; };
		33BC9B981A2E4D9E006034B0 /* LaunchScreen.xib in Resources */ = {isa = PBXBuildFile; fileRef = 33BC9B961A2E4D9E006034B0 /* LaunchScreen.xib */; };
		33BC9BA41A2E4D9E006034B0 /* AlcolatorTests.m in Sources */ = {isa = PBXBuildFile; fileRef = 33BC9BA31A2E4D9E006034B0 /* AlcolatorTests.m */; };
/* End PBXBuildFile section */

/* Begin PBXContainerItemProxy section */
		33BC9B9E1A2E4D9E006034B0 /* PBXContainerItemProxy */ = {
			isa = PBXContainerItemProxy;
			containerPortal = 33BC9B7C1A2E4D9E006034B0 /* Project object */;
			proxyType = 1;
			remoteGlobalIDString = 33BC9B831A2E4D9E006034B0;
			remoteInfo = Alcolator;
		};
/* End PBXContainerItemProxy section */

/* Begin PBXFileReference section */
		333213A01A40BB280089FD0E /* WhiskeyViewController.h */ = {isa = PBXFileReference; fileEncoding = 4; lastKnownFileType = sourcecode.c.h; name = WhiskeyViewController.h; path = ../WhiskeyViewController.h; sourceTree = "<group>"; };
		333213A11A40BB280089FD0E /* WhiskeyViewController.m */ = {isa = PBXFileReference; fileEncoding = 4; lastKnownFileType = sourcecode.c.objc; name = WhiskeyViewController.m; path = ../WhiskeyViewController.m; sourceTree = "<group>"; };
		33BC9B841A2E4D9E006034B0 /* Alcolator.app */ = {isa = PBXFileReference; explicitFileType = wrapper.application; includeInIndex = 0; path = Alcolator.app; sourceTree = BUILT_PRODUCTS_DIR; };
		33BC9B881A2E4D9E006034B0 /* Info.plist */ = {isa = PBXFileReference; lastKnownFileType = text.plist.xml; path = Info.plist; sourceTree = "<group>"; };
		33BC9B891A2E4D9E006034B0 /* main.m */ = {isa = PBXFileReference; lastKnownFileType = sourcecode.c.objc; path = main.m; sourceTree = "<group>"; };
		33BC9B8B1A2E4D9E006034B0 /* AppDelegate.h */ = {isa = PBXFileReference; lastKnownFileType = sourcecode.c.h; path = AppDelegate.h; sourceTree = "<group>"; };
		33BC9B8C1A2E4D9E006034B0 /* AppDelegate.m */ = {isa = PBXFileReference; lastKnownFileType = sourcecode.c.objc; path = AppDelegate.m; sourceTree = "<group>"; };
		33BC9B8E1A2E4D9E006034B0 /* ViewController.h */ = {isa = PBXFileReference; lastKnownFileType = sourcecode.c.h; path = ViewController.h; sourceTree = "<group>"; };
		33BC9B8F1A2E4D9E006034B0 /* ViewController.m */ = {isa = PBXFileReference; lastKnownFileType = sourcecode.c.objc; path = ViewController.m; sourceTree = "<group>"; };
		33BC9B941A2E4D9E006034B0 /* Images.xcassets */ = {isa = PBXFileReference; lastKnownFileType = folder.assetcatalog; path = Images.xcassets; sourceTree = "<group>"; };
		33BC9B971A2E4D9E006034B0 /* Base */ = {isa = PBXFileReference; lastKnownFileType = file.xib; name = Base; path = Base.lproj/LaunchScreen.xib; sourceTree = "<group>"; };
		33BC9B9D1A2E4D9E006034B0 /* AlcolatorTests.xctest */ = {isa = PBXFileReference; explicitFileType = wrapper.cfbundle; includeInIndex = 0; path = AlcolatorTests.xctest; sourceTree = BUILT_PRODUCTS_DIR; };
		33BC9BA21A2E4D9E006034B0 /* Info.plist */ = {isa = PBXFileReference; lastKnownFileType = text.plist.xml; path = Info.plist; sourceTree = "<group>"; };
		33BC9BA31A2E4D9E006034B0 /* AlcolatorTests.m */ = {isa = PBXFileReference; lastKnownFileType = sourcecode.c.objc; path = AlcolatorTests.m; sourceTree = "<group>"; };
/* End PBXFileReference section */

/* Begin PBXFrameworksBuildPhase section */
		33BC9B811A2E4D9E006034B0 /* Frameworks */ = {
			isa = PBXFrameworksBuildPhase;
			buildActionMask = 2147483647;
			files = (
			);
			runOnlyForDeploymentPostprocessing = 0;
		};
		33BC9B9A1A2E4D9E006034B0 /* Frameworks */ = {
			isa = PBXFrameworksBuildPhase;
			buildActionMask = 2147483647;
			files = (
			);
			runOnlyForDeploymentPostprocessing = 0;
		};
/* End PBXFrameworksBuildPhase section */

/* Begin PBXGroup section */
		33BC9B7B1A2E4D9E006034B0 = {
			isa = PBXGroup;
			children = (
				33BC9B861A2E4D9E006034B0 /* Alcolator */,
				33BC9BA01A2E4D9E006034B0 /* AlcolatorTests */,
				33BC9B851A2E4D9E006034B0 /* Products */,
			);
			sourceTree = "<group>";
		};
		33BC9B851A2E4D9E006034B0 /* Products */ = {
			isa = PBXGroup;
			children = (
				33BC9B841A2E4D9E006034B0 /* Alcolator.app */,
				33BC9B9D1A2E4D9E006034B0 /* AlcolatorTests.xctest */,
			);
			name = Products;
			sourceTree = "<group>";
		};
		33BC9B861A2E4D9E006034B0 /* Alcolator */ = {
			isa = PBXGroup;
			children = (
				33BC9B8B1A2E4D9E006034B0 /* AppDelegate.h */,
				33BC9B8C1A2E4D9E006034B0 /* AppDelegate.m */,
				333213A01A40BB280089FD0E /* WhiskeyViewController.h */,
				333213A11A40BB280089FD0E /* WhiskeyViewController.m */,
				33BC9B8E1A2E4D9E006034B0 /* ViewController.h */,
				33BC9B8F1A2E4D9E006034B0 /* ViewController.m */,
				33BC9B941A2E4D9E006034B0 /* Images.xcassets */,
				33BC9B961A2E4D9E006034B0 /* LaunchScreen.xib */,
				33BC9B871A2E4D9E006034B0 /* Supporting Files */,
			);
			path = Alcolator;
			sourceTree = "<group>";
		};
		33BC9B871A2E4D9E006034B0 /* Supporting Files */ = {
			isa = PBXGroup;
			children = (
				33BC9B881A2E4D9E006034B0 /* Info.plist */,
				33BC9B891A2E4D9E006034B0 /* main.m */,
			);
			name = "Supporting Files";
			sourceTree = "<group>";
		};
		33BC9BA01A2E4D9E006034B0 /* AlcolatorTests */ = {
			isa = PBXGroup;
			children = (
				33BC9BA31A2E4D9E006034B0 /* AlcolatorTests.m */,
				33BC9BA11A2E4D9E006034B0 /* Supporting Files */,
			);
			path = AlcolatorTests;
			sourceTree = "<group>";
		};
		33BC9BA11A2E4D9E006034B0 /* Supporting Files */ = {
			isa = PBXGroup;
			children = (
				33BC9BA21A2E4D9E006034B0 /* Info.plist */,
			);
			name = "Supporting Files";
			sourceTree = "<group>";
		};
/* End PBXGroup section */

/* Begin PBXNativeTarget section */
		33BC9B831A2E4D9E006034B0 /* Alcolator */ = {
			isa = PBXNativeTarget;
			buildConfigurationList = 33BC9BA71A2E4D9E006034B0 /* Build configuration list for PBXNativeTarget "Alcolator" */;
			buildPhases = (
				33BC9B801A2E4D9E006034B0 /* Sources */,
				33BC9B811A2E4D9E006034B0 /* Frameworks */,
				33BC9B821A2E4D9E006034B0 /* Resources */,
			);
			buildRules = (
			);
			dependencies = (
			);
			name = Alcolator;
			productName = Alcolator;
			productReference = 33BC9B841A2E4D9E006034B0 /* Alcolator.app */;
			productType = "com.apple.product-type.application";
		};
		33BC9B9C1A2E4D9E006034B0 /* AlcolatorTests */ = {
			isa = PBXNativeTarget;
			buildConfigurationList = 33BC9BAA1A2E4D9E006034B0 /* Build configuration list for PBXNativeTarget "AlcolatorTests" */;
			buildPhases = (
				33BC9B991A2E4D9E006034B0 /* Sources */,
				33BC9B9A1A2E4D9E006034B0 /* Frameworks */,
				33BC9B9B1A2E4D9E006034B0 /* Resources */,
			);
			buildRules = (
			);
			dependencies = (
				33BC9B9F1A2E4D9E006034B0 /* PBXTargetDependency */,
			);
			name = AlcolatorTests;
			productName = AlcolatorTests;
			productReference = 33BC9B9D1A2E4D9E006034B0 /* AlcolatorTests.xctest */;
			productType = "com.apple.product-type.bundle.unit-test";
		};
/* End PBXNativeTarget section */

/* Begin PBXProject section */
		33BC9B7C1A2E4D9E006034B0 /* Project object */ = {
			isa = PBXProject;
			attributes = {
				LastUpgradeCheck = 0610;
				ORGANIZATIONNAME = Bloc;
				TargetAttributes = {
					33BC9B831A2E4D9E006034B0 = {
						CreatedOnToolsVersion = 6.1;
					};
					33BC9B9C1A2E4D9E006034B0 = {
						CreatedOnToolsVersion = 6.1;
						TestTargetID = 33BC9B831A2E4D9E006034B0;
					};
				};
			};
			buildConfigurationList = 33BC9B7F1A2E4D9E006034B0 /* Build configuration list for PBXProject "Alcolator" */;
			compatibilityVersion = "Xcode 3.2";
			developmentRegion = English;
			hasScannedForEncodings = 0;
			knownRegions = (
				en,
				Base,
			);
			mainGroup = 33BC9B7B1A2E4D9E006034B0;
			productRefGroup = 33BC9B851A2E4D9E006034B0 /* Products */;
			projectDirPath = "";
			projectRoot = "";
			targets = (
				33BC9B831A2E4D9E006034B0 /* Alcolator */,
				33BC9B9C1A2E4D9E006034B0 /* AlcolatorTests */,
			);
		};
/* End PBXProject section */

/* Begin PBXResourcesBuildPhase section */
		33BC9B821A2E4D9E006034B0 /* Resources */ = {
			isa = PBXResourcesBuildPhase;
			buildActionMask = 2147483647;
			files = (
				33BC9B981A2E4D9E006034B0 /* LaunchScreen.xib in Resources */,
				33BC9B951A2E4D9E006034B0 /* Images.xcassets in Resources */,
			);
			runOnlyForDeploymentPostprocessing = 0;
		};
		33BC9B9B1A2E4D9E006034B0 /* Resources */ = {
			isa = PBXResourcesBuildPhase;
			buildActionMask = 2147483647;
			files = (
			);
			runOnlyForDeploymentPostprocessing = 0;
		};
/* End PBXResourcesBuildPhase section */

/* Begin PBXSourcesBuildPhase section */
		33BC9B801A2E4D9E006034B0 /* Sources */ = {
			isa = PBXSourcesBuildPhase;
			buildActionMask = 2147483647;
			files = (
				33BC9B901A2E4D9E006034B0 /* ViewController.m in Sources */,
				333213A21A40BB280089FD0E /* WhiskeyViewController.m in Sources */,
				33BC9B8D1A2E4D9E006034B0 /* AppDelegate.m in Sources */,
				33BC9B8A1A2E4D9E006034B0 /* main.m in Sources */,
			);
			runOnlyForDeploymentPostprocessing = 0;
		};
		33BC9B991A2E4D9E006034B0 /* Sources */ = {
			isa = PBXSourcesBuildPhase;
			buildActionMask = 2147483647;
			files = (
				33BC9BA41A2E4D9E006034B0 /* AlcolatorTests.m in Sources */,
			);
			runOnlyForDeploymentPostprocessing = 0;
		};
/* End PBXSourcesBuildPhase section */

/* Begin PBXTargetDependency section */
		33BC9B9F1A2E4D9E006034B0 /* PBXTargetDependency */ = {
			isa = PBXTargetDependency;
			target = 33BC9B831A2E4D9E006034B0 /* Alcolator */;
			targetProxy = 33BC9B9E1A2E4D9E006034B0 /* PBXContainerItemProxy */;
		};
/* End PBXTargetDependency section */

/* Begin PBXVariantGroup section */
		33BC9B961A2E4D9E006034B0 /* LaunchScreen.xib */ = {
			isa = PBXVariantGroup;
			children = (
				33BC9B971A2E4D9E006034B0 /* Base */,
			);
			name = LaunchScreen.xib;
			sourceTree = "<group>";
		};
/* End PBXVariantGroup section */

/* Begin XCBuildConfiguration section */
		33BC9BA51A2E4D9E006034B0 /* Debug */ = {
			isa = XCBuildConfiguration;
			buildSettings = {
				ALWAYS_SEARCH_USER_PATHS = NO;
				CLANG_CXX_LANGUAGE_STANDARD = "gnu++0x";
				CLANG_CXX_LIBRARY = "libc++";
				CLANG_ENABLE_MODULES = YES;
				CLANG_ENABLE_OBJC_ARC = YES;
				CLANG_WARN_BOOL_CONVERSION = YES;
				CLANG_WARN_CONSTANT_CONVERSION = YES;
				CLANG_WARN_DIRECT_OBJC_ISA_USAGE = YES_ERROR;
				CLANG_WARN_EMPTY_BODY = YES;
				CLANG_WARN_ENUM_CONVERSION = YES;
				CLANG_WARN_INT_CONVERSION = YES;
				CLANG_WARN_OBJC_ROOT_CLASS = YES_ERROR;
				CLANG_WARN_UNREACHABLE_CODE = YES;
				CLANG_WARN__DUPLICATE_METHOD_MATCH = YES;
				"CODE_SIGN_IDENTITY[sdk=iphoneos*]" = "iPhone Developer";
				COPY_PHASE_STRIP = NO;
				ENABLE_STRICT_OBJC_MSGSEND = YES;
				GCC_C_LANGUAGE_STANDARD = gnu99;
				GCC_DYNAMIC_NO_PIC = NO;
				GCC_OPTIMIZATION_LEVEL = 0;
				GCC_PREPROCESSOR_DEFINITIONS = (
					"DEBUG=1",
					"$(inherited)",
				);
				GCC_SYMBOLS_PRIVATE_EXTERN = NO;
				GCC_WARN_64_TO_32_BIT_CONVERSION = YES;
				GCC_WARN_ABOUT_RETURN_TYPE = YES_ERROR;
				GCC_WARN_UNDECLARED_SELECTOR = YES;
				GCC_WARN_UNINITIALIZED_AUTOS = YES_AGGRESSIVE;
				GCC_WARN_UNUSED_FUNCTION = YES;
				GCC_WARN_UNUSED_VARIABLE = YES;
				IPHONEOS_DEPLOYMENT_TARGET = 8.1;
				MTL_ENABLE_DEBUG_INFO = YES;
				ONLY_ACTIVE_ARCH = YES;
				SDKROOT = iphoneos;
			};
			name = Debug;
		};
		33BC9BA61A2E4D9E006034B0 /* Release */ = {
			isa = XCBuildConfiguration;
			buildSettings = {
				ALWAYS_SEARCH_USER_PATHS = NO;
				CLANG_CXX_LANGUAGE_STANDARD = "gnu++0x";
				CLANG_CXX_LIBRARY = "libc++";
				CLANG_ENABLE_MODULES = YES;
				CLANG_ENABLE_OBJC_ARC = YES;
				CLANG_WARN_BOOL_CONVERSION = YES;
				CLANG_WARN_CONSTANT_CONVERSION = YES;
				CLANG_WARN_DIRECT_OBJC_ISA_USAGE = YES_ERROR;
				CLANG_WARN_EMPTY_BODY = YES;
				CLANG_WARN_ENUM_CONVERSION = YES;
				CLANG_WARN_INT_CONVERSION = YES;
				CLANG_WARN_OBJC_ROOT_CLASS = YES_ERROR;
				CLANG_WARN_UNREACHABLE_CODE = YES;
				CLANG_WARN__DUPLICATE_METHOD_MATCH = YES;
				"CODE_SIGN_IDENTITY[sdk=iphoneos*]" = "iPhone Developer";
				COPY_PHASE_STRIP = YES;
				ENABLE_NS_ASSERTIONS = NO;
				ENABLE_STRICT_OBJC_MSGSEND = YES;
				GCC_C_LANGUAGE_STANDARD = gnu99;
				GCC_WARN_64_TO_32_BIT_CONVERSION = YES;
				GCC_WARN_ABOUT_RETURN_TYPE = YES_ERROR;
				GCC_WARN_UNDECLARED_SELECTOR = YES;
				GCC_WARN_UNINITIALIZED_AUTOS = YES_AGGRESSIVE;
				GCC_WARN_UNUSED_FUNCTION = YES;
				GCC_WARN_UNUSED_VARIABLE = YES;
				IPHONEOS_DEPLOYMENT_TARGET = 8.1;
				MTL_ENABLE_DEBUG_INFO = NO;
				SDKROOT = iphoneos;
				VALIDATE_PRODUCT = YES;
			};
			name = Release;
		};
		33BC9BA81A2E4D9E006034B0 /* Debug */ = {
			isa = XCBuildConfiguration;
			buildSettings = {
				ASSETCATALOG_COMPILER_APPICON_NAME = AppIcon;
				INFOPLIST_FILE = Alcolator/Info.plist;
				LD_RUNPATH_SEARCH_PATHS = "$(inherited) @executable_path/Frameworks";
				PRODUCT_NAME = "$(TARGET_NAME)";
				TARGETED_DEVICE_FAMILY = "1,2";
			};
			name = Debug;
		};
		33BC9BA91A2E4D9E006034B0 /* Release */ = {
			isa = XCBuildConfiguration;
			buildSettings = {
				ASSETCATALOG_COMPILER_APPICON_NAME = AppIcon;
				INFOPLIST_FILE = Alcolator/Info.plist;
				LD_RUNPATH_SEARCH_PATHS = "$(inherited) @executable_path/Frameworks";
				PRODUCT_NAME = "$(TARGET_NAME)";
				TARGETED_DEVICE_FAMILY = "1,2";
			};
			name = Release;
		};
		33BC9BAB1A2E4D9E006034B0 /* Debug */ = {
			isa = XCBuildConfiguration;
			buildSettings = {
				BUNDLE_LOADER = "$(TEST_HOST)";
				FRAMEWORK_SEARCH_PATHS = (
					"$(SDKROOT)/Developer/Library/Frameworks",
					"$(inherited)",
				);
				GCC_PREPROCESSOR_DEFINITIONS = (
					"DEBUG=1",
					"$(inherited)",
				);
				INFOPLIST_FILE = AlcolatorTests/Info.plist;
				LD_RUNPATH_SEARCH_PATHS = "$(inherited) @executable_path/Frameworks @loader_path/Frameworks";
				PRODUCT_NAME = "$(TARGET_NAME)";
				TEST_HOST = "$(BUILT_PRODUCTS_DIR)/Alcolator.app/Alcolator";
			};
			name = Debug;
		};
		33BC9BAC1A2E4D9E006034B0 /* Release */ = {
			isa = XCBuildConfiguration;
			buildSettings = {
				BUNDLE_LOADER = "$(TEST_HOST)";
				FRAMEWORK_SEARCH_PATHS = (
					"$(SDKROOT)/Developer/Library/Frameworks",
					"$(inherited)",
				);
				INFOPLIST_FILE = AlcolatorTests/Info.plist;
				LD_RUNPATH_SEARCH_PATHS = "$(inherited) @executable_path/Frameworks @loader_path/Frameworks";
				PRODUCT_NAME = "$(TARGET_NAME)";
				TEST_HOST = "$(BUILT_PRODUCTS_DIR)/Alcolator.app/Alcolator";
			};
			name = Release;
		};
/* End XCBuildConfiguration section */

/* Begin XCConfigurationList section */
		33BC9B7F1A2E4D9E006034B0 /* Build configuration list for PBXProject "Alcolator" */ = {
			isa = XCConfigurationList;
			buildConfigurations = (
				33BC9BA51A2E4D9E006034B0 /* Debug */,
				33BC9BA61A2E4D9E006034B0 /* Release */,
			);
			defaultConfigurationIsVisible = 0;
			defaultConfigurationName = Release;
		};
		33BC9BA71A2E4D9E006034B0 /* Build configuration list for PBXNativeTarget "Alcolator" */ = {
			isa = XCConfigurationList;
			buildConfigurations = (
				33BC9BA81A2E4D9E006034B0 /* Debug */,
				33BC9BA91A2E4D9E006034B0 /* Release */,
			);
			defaultConfigurationIsVisible = 0;
			defaultConfigurationName = Release;
		};
		33BC9BAA1A2E4D9E006034B0 /* Build configuration list for PBXNativeTarget "AlcolatorTests" */ = {
			isa = XCConfigurationList;
			buildConfigurations = (
				33BC9BAB1A2E4D9E006034B0 /* Debug */,
				33BC9BAC1A2E4D9E006034B0 /* Release */,
			);
			defaultConfigurationIsVisible = 0;
			defaultConfigurationName = Release;
		};
/* End XCConfigurationList section */
	};
	rootObject = 33BC9B7C1A2E4D9E006034B0 /* Project object */;
}
